PODS:
  - BGFMDB (2.0.13):
    - BGFMDB/BG (= 2.0.13)
    - BGFMDB/FMDB (= 2.0.13)
  - BGFMDB/BG (2.0.13):
    - BGFMDB/FMDB
  - BGFMDB/FMDB (2.0.13)

DEPENDENCIES:
  - BGFMDB

SPEC REPOS:
  https://github.com/cocoapods/specs.git:
    - BGFMDB

SPEC CHECKSUMS:
  BGFMDB: 48e6823027232402a678acc7f71484b1fc9171d0

PODFILE CHECKSUM: 8083549c787370316c23a54f9059016470908039

COCOAPODS: 1.7.5
