// !$*UTF8*$!
{
	archiveVersion = 1;
	classes = {
	};
	objectVersion = 50;
	objects = {

/* Begin PBXBuildFile section */
		7B20719A20F34100004F2914 /* NSData+YLData.m in Sources */ = {isa = PBXBuildFile; fileRef = 7B20716520F34100004F2914 /* NSData+YLData.m */; };
		7B20719E20F34100004F2914 /* NSDate+YLDate.m in Sources */ = {isa = PBXBuildFile; fileRef = 7B20717320F34100004F2914 /* NSDate+YLDate.m */; };
		7B20719F20F34100004F2914 /* UIImage+JYImage.m in Sources */ = {isa = PBXBuildFile; fileRef = 7B20717620F34100004F2914 /* UIImage+JYImage.m */; };
		7B2071A120F34100004F2914 /* UIButton+JYButton.m in Sources */ = {isa = PBXBuildFile; fileRef = 7B20717D20F34100004F2914 /* UIButton+JYButton.m */; };
		7B2071A220F34100004F2914 /* UIColor+JYColor.m in Sources */ = {isa = PBXBuildFile; fileRef = 7B20717F20F34100004F2914 /* UIColor+JYColor.m */; };
		7B2071A520F34100004F2914 /* UIViewController+JYHelper.m in Sources */ = {isa = PBXBuildFile; fileRef = 7B20718920F34100004F2914 /* UIViewController+JYHelper.m */; };
		7B2071A620F34100004F2914 /* UITableView+JYHeader.m in Sources */ = {isa = PBXBuildFile; fileRef = 7B20718B20F34100004F2914 /* UITableView+JYHeader.m */; };
		7B2071A820F34100004F2914 /* JYKeyChainManager.m in Sources */ = {isa = PBXBuildFile; fileRef = 7B20719520F34100004F2914 /* JYKeyChainManager.m */; };
		7B2071A920F34100004F2914 /* JYKeyChain.m in Sources */ = {isa = PBXBuildFile; fileRef = 7B20719620F34100004F2914 /* JYKeyChain.m */; };
		7B941B2F20F3126600811329 /* AppDelegate.m in Sources */ = {isa = PBXBuildFile; fileRef = 7B941B2E20F3126600811329 /* AppDelegate.m */; };
		7B941B3220F3126600811329 /* ViewController.m in Sources */ = {isa = PBXBuildFile; fileRef = 7B941B3120F3126600811329 /* ViewController.m */; };
		7B941B3520F3126600811329 /* Main.storyboard in Resources */ = {isa = PBXBuildFile; fileRef = 7B941B3320F3126600811329 /* Main.storyboard */; };
		7B941B3720F3126700811329 /* Assets.xcassets in Resources */ = {isa = PBXBuildFile; fileRef = 7B941B3620F3126700811329 /* Assets.xcassets */; };
		7B941B3A20F3126700811329 /* LaunchScreen.storyboard in Resources */ = {isa = PBXBuildFile; fileRef = 7B941B3820F3126700811329 /* LaunchScreen.storyboard */; };
		7B941B3D20F3126700811329 /* main.m in Sources */ = {isa = PBXBuildFile; fileRef = 7B941B3C20F3126700811329 /* main.m */; };
		7B941B4720F3126700811329 /* YLCommonKitTests.m in Sources */ = {isa = PBXBuildFile; fileRef = 7B941B4620F3126700811329 /* YLCommonKitTests.m */; };
		7B941B5220F3126700811329 /* YLCommonKitUITests.m in Sources */ = {isa = PBXBuildFile; fileRef = 7B941B5120F3126700811329 /* YLCommonKitUITests.m */; };
		B965BB1AA29CA8B0190C6748 /* libPods-YLCommonKit.a in Frameworks */ = {isa = PBXBuildFile; fileRef = D362DCD9347A4C45377E7021 /* libPods-YLCommonKit.a */; };
/* End PBXBuildFile section */

/* Begin PBXContainerItemProxy section */
		7B941B4320F3126700811329 /* PBXContainerItemProxy */ = {
			isa = PBXContainerItemProxy;
			containerPortal = 7B941B2220F3126500811329 /* Project object */;
			proxyType = 1;
			remoteGlobalIDString = 7B941B2920F3126500811329;
			remoteInfo = YLCommonKit;
		};
		7B941B4E20F3126700811329 /* PBXContainerItemProxy */ = {
			isa = PBXContainerItemProxy;
			containerPortal = 7B941B2220F3126500811329 /* Project object */;
			proxyType = 1;
			remoteGlobalIDString = 7B941B2920F3126500811329;
			remoteInfo = YLCommonKit;
		};
/* End PBXContainerItemProxy section */

/* Begin PBXFileReference section */
		7A4FEE74BCC0DBFB09AA2994 /* Pods-YLCommonKit.debug.xcconfig */ = {isa = PBXFileReference; includeInIndex = 1; lastKnownFileType = text.xcconfig; name = "Pods-YLCommonKit.debug.xcconfig"; path = "Pods/Target Support Files/Pods-YLCommonKit/Pods-YLCommonKit.debug.xcconfig"; sourceTree = "<group>"; };
		7B20716520F34100004F2914 /* NSData+YLData.m */ = {isa = PBXFileReference; fileEncoding = 4; lastKnownFileType = sourcecode.c.objc; path = "NSData+YLData.m"; sourceTree = "<group>"; };
		7B20716620F34100004F2914 /* NSData+YLData.h */ = {isa = PBXFileReference; fileEncoding = 4; lastKnownFileType = sourcecode.c.h; path = "NSData+YLData.h"; sourceTree = "<group>"; };
		7B20717220F34100004F2914 /* NSDate+YLDate.h */ = {isa = PBXFileReference; fileEncoding = 4; lastKnownFileType = sourcecode.c.h; path = "NSDate+YLDate.h"; sourceTree = "<group>"; };
		7B20717320F34100004F2914 /* NSDate+YLDate.m */ = {isa = PBXFileReference; fileEncoding = 4; lastKnownFileType = sourcecode.c.objc; path = "NSDate+YLDate.m"; sourceTree = "<group>"; };
		7B20717620F34100004F2914 /* UIImage+JYImage.m */ = {isa = PBXFileReference; fileEncoding = 4; lastKnownFileType = sourcecode.c.objc; path = "UIImage+JYImage.m"; sourceTree = "<group>"; };
		7B20717720F34100004F2914 /* UIImage+JYImage.h */ = {isa = PBXFileReference; fileEncoding = 4; lastKnownFileType = sourcecode.c.h; path = "UIImage+JYImage.h"; sourceTree = "<group>"; };
		7B20717C20F34100004F2914 /* UIButton+JYButton.h */ = {isa = PBXFileReference; fileEncoding = 4; lastKnownFileType = sourcecode.c.h; path = "UIButton+JYButton.h"; sourceTree = "<group>"; };
		7B20717D20F34100004F2914 /* UIButton+JYButton.m */ = {isa = PBXFileReference; fileEncoding = 4; lastKnownFileType = sourcecode.c.objc; path = "UIButton+JYButton.m"; sourceTree = "<group>"; };
		7B20717F20F34100004F2914 /* UIColor+JYColor.m */ = {isa = PBXFileReference; fileEncoding = 4; lastKnownFileType = sourcecode.c.objc; path = "UIColor+JYColor.m"; sourceTree = "<group>"; };
		7B20718020F34100004F2914 /* UIColor+JYColor.h */ = {isa = PBXFileReference; fileEncoding = 4; lastKnownFileType = sourcecode.c.h; path = "UIColor+JYColor.h"; sourceTree = "<group>"; };
		7B20718820F34100004F2914 /* UIViewController+JYHelper.h */ = {isa = PBXFileReference; fileEncoding = 4; lastKnownFileType = sourcecode.c.h; path = "UIViewController+JYHelper.h"; sourceTree = "<group>"; };
		7B20718920F34100004F2914 /* UIViewController+JYHelper.m */ = {isa = PBXFileReference; fileEncoding = 4; lastKnownFileType = sourcecode.c.objc; path = "UIViewController+JYHelper.m"; sourceTree = "<group>"; };
		7B20718B20F34100004F2914 /* UITableView+JYHeader.m */ = {isa = PBXFileReference; fileEncoding = 4; lastKnownFileType = sourcecode.c.objc; path = "UITableView+JYHeader.m"; sourceTree = "<group>"; };
		7B20718C20F34100004F2914 /* UITableView+JYHeader.h */ = {isa = PBXFileReference; fileEncoding = 4; lastKnownFileType = sourcecode.c.h; path = "UITableView+JYHeader.h"; sourceTree = "<group>"; };
		7B20719420F34100004F2914 /* JYKeyChain.h */ = {isa = PBXFileReference; fileEncoding = 4; lastKnownFileType = sourcecode.c.h; path = JYKeyChain.h; sourceTree = "<group>"; };
		7B20719520F34100004F2914 /* JYKeyChainManager.m */ = {isa = PBXFileReference; fileEncoding = 4; lastKnownFileType = sourcecode.c.objc; path = JYKeyChainManager.m; sourceTree = "<group>"; };
		7B20719620F34100004F2914 /* JYKeyChain.m */ = {isa = PBXFileReference; fileEncoding = 4; lastKnownFileType = sourcecode.c.objc; path = JYKeyChain.m; sourceTree = "<group>"; };
		7B20719720F34100004F2914 /* JYKeyChainManager.h */ = {isa = PBXFileReference; fileEncoding = 4; lastKnownFileType = sourcecode.c.h; path = JYKeyChainManager.h; sourceTree = "<group>"; };
		7B941B2A20F3126500811329 /* YLCommonKit.app */ = {isa = PBXFileReference; explicitFileType = wrapper.application; includeInIndex = 0; path = YLCommonKit.app; sourceTree = BUILT_PRODUCTS_DIR; };
		7B941B2D20F3126600811329 /* AppDelegate.h */ = {isa = PBXFileReference; lastKnownFileType = sourcecode.c.h; path = AppDelegate.h; sourceTree = "<group>"; };
		7B941B2E20F3126600811329 /* AppDelegate.m */ = {isa = PBXFileReference; lastKnownFileType = sourcecode.c.objc; path = AppDelegate.m; sourceTree = "<group>"; };
		7B941B3020F3126600811329 /* ViewController.h */ = {isa = PBXFileReference; lastKnownFileType = sourcecode.c.h; path = ViewController.h; sourceTree = "<group>"; };
		7B941B3120F3126600811329 /* ViewController.m */ = {isa = PBXFileReference; lastKnownFileType = sourcecode.c.objc; path = ViewController.m; sourceTree = "<group>"; };
		7B941B3420F3126600811329 /* Base */ = {isa = PBXFileReference; lastKnownFileType = file.storyboard; name = Base; path = Base.lproj/Main.storyboard; sourceTree = "<group>"; };
		7B941B3620F3126700811329 /* Assets.xcassets */ = {isa = PBXFileReference; lastKnownFileType = folder.assetcatalog; path = Assets.xcassets; sourceTree = "<group>"; };
		7B941B3920F3126700811329 /* Base */ = {isa = PBXFileReference; lastKnownFileType = file.storyboard; name = Base; path = Base.lproj/LaunchScreen.storyboard; sourceTree = "<group>"; };
		7B941B3B20F3126700811329 /* Info.plist */ = {isa = PBXFileReference; lastKnownFileType = text.plist.xml; path = Info.plist; sourceTree = "<group>"; };
		7B941B3C20F3126700811329 /* main.m */ = {isa = PBXFileReference; lastKnownFileType = sourcecode.c.objc; path = main.m; sourceTree = "<group>"; };
		7B941B4220F3126700811329 /* YLCommonKitTests.xctest */ = {isa = PBXFileReference; explicitFileType = wrapper.cfbundle; includeInIndex = 0; path = YLCommonKitTests.xctest; sourceTree = BUILT_PRODUCTS_DIR; };
		7B941B4620F3126700811329 /* YLCommonKitTests.m */ = {isa = PBXFileReference; lastKnownFileType = sourcecode.c.objc; path = YLCommonKitTests.m; sourceTree = "<group>"; };
		7B941B4820F3126700811329 /* Info.plist */ = {isa = PBXFileReference; lastKnownFileType = text.plist.xml; path = Info.plist; sourceTree = "<group>"; };
		7B941B4D20F3126700811329 /* YLCommonKitUITests.xctest */ = {isa = PBXFileReference; explicitFileType = wrapper.cfbundle; includeInIndex = 0; path = YLCommonKitUITests.xctest; sourceTree = BUILT_PRODUCTS_DIR; };
		7B941B5120F3126700811329 /* YLCommonKitUITests.m */ = {isa = PBXFileReference; lastKnownFileType = sourcecode.c.objc; path = YLCommonKitUITests.m; sourceTree = "<group>"; };
		7B941B5320F3126700811329 /* Info.plist */ = {isa = PBXFileReference; lastKnownFileType = text.plist.xml; path = Info.plist; sourceTree = "<group>"; };
		D362DCD9347A4C45377E7021 /* libPods-YLCommonKit.a */ = {isa = PBXFileReference; explicitFileType = archive.ar; includeInIndex = 0; path = "libPods-YLCommonKit.a"; sourceTree = BUILT_PRODUCTS_DIR; };
		F1C2FA9D367320DA9CFBC0CB /* Pods-YLCommonKit.release.xcconfig */ = {isa = PBXFileReference; includeInIndex = 1; lastKnownFileType = text.xcconfig; name = "Pods-YLCommonKit.release.xcconfig"; path = "Pods/Target Support Files/Pods-YLCommonKit/Pods-YLCommonKit.release.xcconfig"; sourceTree = "<group>"; };
/* End PBXFileReference section */

/* Begin PBXFrameworksBuildPhase section */
		7B941B2720F3126500811329 /* Frameworks */ = {
			isa = PBXFrameworksBuildPhase;
			buildActionMask = 2147483647;
			files = (
				B965BB1AA29CA8B0190C6748 /* libPods-YLCommonKit.a in Frameworks */,
			);
			runOnlyForDeploymentPostprocessing = 0;
		};
		7B941B3F20F3126700811329 /* Frameworks */ = {
			isa = PBXFrameworksBuildPhase;
			buildActionMask = 2147483647;
			files = (
			);
			runOnlyForDeploymentPostprocessing = 0;
		};
		7B941B4A20F3126700811329 /* Frameworks */ = {
			isa = PBXFrameworksBuildPhase;
			buildActionMask = 2147483647;
			files = (
			);
			runOnlyForDeploymentPostprocessing = 0;
		};
/* End PBXFrameworksBuildPhase section */

/* Begin PBXGroup section */
		7B20715620F34100004F2914 /* YLCommonKit */ = {
			isa = PBXGroup;
			children = (
				7B20715720F34100004F2914 /* YLTools */,
				7B20715B20F34100004F2914 /* YLMacro */,
				7B20715F20F34100004F2914 /* YLCategory */,
				7B20719020F34100004F2914 /* YLManager */,
			);
			name = YLCommonKit;
			path = ../../YLCommonKit/Classes/YLCommonKit;
			sourceTree = "<group>";
		};
		7B20715720F34100004F2914 /* YLTools */ = {
			isa = PBXGroup;
			children = (
			);
			path = YLTools;
			sourceTree = "<group>";
		};
		7B20715B20F34100004F2914 /* YLMacro */ = {
			isa = PBXGroup;
			children = (
			);
			path = YLMacro;
			sourceTree = "<group>";
		};
		7B20715F20F34100004F2914 /* YLCategory */ = {
			isa = PBXGroup;
			children = (
				7B20716020F34100004F2914 /* JYFoundation */,
				7B20717420F34100004F2914 /* JYUIKit */,
			);
			path = YLCategory;
			sourceTree = "<group>";
		};
		7B20716020F34100004F2914 /* JYFoundation */ = {
			isa = PBXGroup;
			children = (
				7B20716120F34100004F2914 /* NSDictionary */,
				7B20716420F34100004F2914 /* NSData */,
				7B20716720F34100004F2914 /* NSString */,
				7B20716C20F34100004F2914 /* NSLog */,
				7B20716D20F34100004F2914 /* NSAttributedString */,
				7B20717020F34100004F2914 /* NSObject */,
				7B20717120F34100004F2914 /* NSDate */,
			);
			path = JYFoundation;
			sourceTree = "<group>";
		};
		7B20716120F34100004F2914 /* NSDictionary */ = {
			isa = PBXGroup;
			children = (
			);
			path = NSDictionary;
			sourceTree = "<group>";
		};
		7B20716420F34100004F2914 /* NSData */ = {
			isa = PBXGroup;
			children = (
				7B20716620F34100004F2914 /* NSData+YLData.h */,
				7B20716520F34100004F2914 /* NSData+YLData.m */,
			);
			path = NSData;
			sourceTree = "<group>";
		};
		7B20716720F34100004F2914 /* NSString */ = {
			isa = PBXGroup;
			children = (
			);
			path = NSString;
			sourceTree = "<group>";
		};
		7B20716C20F34100004F2914 /* NSLog */ = {
			isa = PBXGroup;
			children = (
			);
			path = NSLog;
			sourceTree = "<group>";
		};
		7B20716D20F34100004F2914 /* NSAttributedString */ = {
			isa = PBXGroup;
			children = (
			);
			path = NSAttributedString;
			sourceTree = "<group>";
		};
		7B20717020F34100004F2914 /* NSObject */ = {
			isa = PBXGroup;
			children = (
			);
			path = NSObject;
			sourceTree = "<group>";
		};
		7B20717120F34100004F2914 /* NSDate */ = {
			isa = PBXGroup;
			children = (
				7B20717220F34100004F2914 /* NSDate+YLDate.h */,
				7B20717320F34100004F2914 /* NSDate+YLDate.m */,
			);
			path = NSDate;
			sourceTree = "<group>";
		};
		7B20717420F34100004F2914 /* JYUIKit */ = {
			isa = PBXGroup;
			children = (
				7B20717520F34100004F2914 /* UIImage */,
				7B20717820F34100004F2914 /* UILabel */,
				7B20717B20F34100004F2914 /* UIButton */,
				7B20717E20F34100004F2914 /* UIColor */,
				7B20718120F34100004F2914 /* UIView */,
				7B20718420F34100004F2914 /* UITextView */,
				7B20718720F34100004F2914 /* UIViewController */,
				7B20718A20F34100004F2914 /* UITableView */,
				7B20718D20F34100004F2914 /* UITextField */,
			);
			path = JYUIKit;
			sourceTree = "<group>";
		};
		7B20717520F34100004F2914 /* UIImage */ = {
			isa = PBXGroup;
			children = (
				7B20717620F34100004F2914 /* UIImage+JYImage.m */,
				7B20717720F34100004F2914 /* UIImage+JYImage.h */,
			);
			path = UIImage;
			sourceTree = "<group>";
		};
		7B20717820F34100004F2914 /* UILabel */ = {
			isa = PBXGroup;
			children = (
			);
			path = UILabel;
			sourceTree = "<group>";
		};
		7B20717B20F34100004F2914 /* UIButton */ = {
			isa = PBXGroup;
			children = (
				7B20717C20F34100004F2914 /* UIButton+JYButton.h */,
				7B20717D20F34100004F2914 /* UIButton+JYButton.m */,
			);
			path = UIButton;
			sourceTree = "<group>";
		};
		7B20717E20F34100004F2914 /* UIColor */ = {
			isa = PBXGroup;
			children = (
				7B20717F20F34100004F2914 /* UIColor+JYColor.m */,
				7B20718020F34100004F2914 /* UIColor+JYColor.h */,
			);
			path = UIColor;
			sourceTree = "<group>";
		};
		7B20718120F34100004F2914 /* UIView */ = {
			isa = PBXGroup;
			children = (
			);
			path = UIView;
			sourceTree = "<group>";
		};
		7B20718420F34100004F2914 /* UITextView */ = {
			isa = PBXGroup;
			children = (
			);
			path = UITextView;
			sourceTree = "<group>";
		};
		7B20718720F34100004F2914 /* UIViewController */ = {
			isa = PBXGroup;
			children = (
				7B20718820F34100004F2914 /* UIViewController+JYHelper.h */,
				7B20718920F34100004F2914 /* UIViewController+JYHelper.m */,
			);
			path = UIViewController;
			sourceTree = "<group>";
		};
		7B20718A20F34100004F2914 /* UITableView */ = {
			isa = PBXGroup;
			children = (
				7B20718B20F34100004F2914 /* UITableView+JYHeader.m */,
				7B20718C20F34100004F2914 /* UITableView+JYHeader.h */,
			);
			path = UITableView;
			sourceTree = "<group>";
		};
		7B20718D20F34100004F2914 /* UITextField */ = {
			isa = PBXGroup;
			children = (
			);
			path = UITextField;
			sourceTree = "<group>";
		};
		7B20719020F34100004F2914 /* YLManager */ = {
			isa = PBXGroup;
			children = (
				7B20719120F34100004F2914 /* YLLocationManager */,
				7B20719220F34100004F2914 /* YLAddressBookManager */,
				7B20719320F34100004F2914 /* YLKeyChainManager */,
			);
			path = YLManager;
			sourceTree = "<group>";
		};
		7B20719120F34100004F2914 /* YLLocationManager */ = {
			isa = PBXGroup;
			children = (
			);
			path = YLLocationManager;
			sourceTree = "<group>";
		};
		7B20719220F34100004F2914 /* YLAddressBookManager */ = {
			isa = PBXGroup;
			children = (
			);
			path = YLAddressBookManager;
			sourceTree = "<group>";
		};
		7B20719320F34100004F2914 /* YLKeyChainManager */ = {
			isa = PBXGroup;
			children = (
				7B20719420F34100004F2914 /* JYKeyChain.h */,
				7B20719520F34100004F2914 /* JYKeyChainManager.m */,
				7B20719620F34100004F2914 /* JYKeyChain.m */,
				7B20719720F34100004F2914 /* JYKeyChainManager.h */,
			);
			path = YLKeyChainManager;
			sourceTree = "<group>";
		};
		7B941B2120F3126500811329 = {
			isa = PBXGroup;
			children = (
				7B941B2C20F3126500811329 /* YLCommonKit */,
				7B941B4520F3126700811329 /* YLCommonKitTests */,
				7B941B5020F3126700811329 /* YLCommonKitUITests */,
				7B941B2B20F3126500811329 /* Products */,
				DE81F01665D3AB5243CD2260 /* Pods */,
				EB60C5CB8CF98BC959C8B7B2 /* Frameworks */,
			);
			sourceTree = "<group>";
		};
		7B941B2B20F3126500811329 /* Products */ = {
			isa = PBXGroup;
			children = (
				7B941B2A20F3126500811329 /* YLCommonKit.app */,
				7B941B4220F3126700811329 /* YLCommonKitTests.xctest */,
				7B941B4D20F3126700811329 /* YLCommonKitUITests.xctest */,
			);
			name = Products;
			sourceTree = "<group>";
		};
		7B941B2C20F3126500811329 /* YLCommonKit */ = {
			isa = PBXGroup;
			children = (
				7B941B2D20F3126600811329 /* AppDelegate.h */,
				7B941B2E20F3126600811329 /* AppDelegate.m */,
				7B941B3020F3126600811329 /* ViewController.h */,
				7B941B3120F3126600811329 /* ViewController.m */,
				7B20715620F34100004F2914 /* YLCommonKit */,
				7B941B3320F3126600811329 /* Main.storyboard */,
				7B941B3620F3126700811329 /* Assets.xcassets */,
				7B941B3820F3126700811329 /* LaunchScreen.storyboard */,
				7B941B3B20F3126700811329 /* Info.plist */,
				7B941B3C20F3126700811329 /* main.m */,
			);
			path = YLCommonKit;
			sourceTree = "<group>";
		};
		7B941B4520F3126700811329 /* YLCommonKitTests */ = {
			isa = PBXGroup;
			children = (
				7B941B4620F3126700811329 /* YLCommonKitTests.m */,
				7B941B4820F3126700811329 /* Info.plist */,
			);
			path = YLCommonKitTests;
			sourceTree = "<group>";
		};
		7B941B5020F3126700811329 /* YLCommonKitUITests */ = {
			isa = PBXGroup;
			children = (
				7B941B5120F3126700811329 /* YLCommonKitUITests.m */,
				7B941B5320F3126700811329 /* Info.plist */,
			);
			path = YLCommonKitUITests;
			sourceTree = "<group>";
		};
		DE81F01665D3AB5243CD2260 /* Pods */ = {
			isa = PBXGroup;
			children = (
				7A4FEE74BCC0DBFB09AA2994 /* Pods-YLCommonKit.debug.xcconfig */,
				F1C2FA9D367320DA9CFBC0CB /* Pods-YLCommonKit.release.xcconfig */,
			);
			name = Pods;
			sourceTree = "<group>";
		};
		EB60C5CB8CF98BC959C8B7B2 /* Frameworks */ = {
			isa = PBXGroup;
			children = (
				D362DCD9347A4C45377E7021 /* libPods-YLCommonKit.a */,
			);
			name = Frameworks;
			sourceTree = "<group>";
		};
/* End PBXGroup section */

/* Begin PBXNativeTarget section */
		7B941B2920F3126500811329 /* YLCommonKit */ = {
			isa = PBXNativeTarget;
			buildConfigurationList = 7B941B5620F3126700811329 /* Build configuration list for PBXNativeTarget "YLCommonKit" */;
			buildPhases = (
				2C35BBE5719310A61EAF038D /* [CP] Check Pods Manifest.lock */,
				7B941B2620F3126500811329 /* Sources */,
				7B941B2720F3126500811329 /* Frameworks */,
				7B941B2820F3126500811329 /* Resources */,
			);
			buildRules = (
			);
			dependencies = (
			);
			name = YLCommonKit;
			productName = YLCommonKit;
			productReference = 7B941B2A20F3126500811329 /* YLCommonKit.app */;
			productType = "com.apple.product-type.application";
		};
		7B941B4120F3126700811329 /* YLCommonKitTests */ = {
			isa = PBXNativeTarget;
			buildConfigurationList = 7B941B5920F3126700811329 /* Build configuration list for PBXNativeTarget "YLCommonKitTests" */;
			buildPhases = (
				7B941B3E20F3126700811329 /* Sources */,
				7B941B3F20F3126700811329 /* Frameworks */,
				7B941B4020F3126700811329 /* Resources */,
			);
			buildRules = (
			);
			dependencies = (
				7B941B4420F3126700811329 /* PBXTargetDependency */,
			);
			name = YLCommonKitTests;
			productName = YLCommonKitTests;
			productReference = 7B941B4220F3126700811329 /* YLCommonKitTests.xctest */;
			productType = "com.apple.product-type.bundle.unit-test";
		};
		7B941B4C20F3126700811329 /* YLCommonKitUITests */ = {
			isa = PBXNativeTarget;
			buildConfigurationList = 7B941B5C20F3126700811329 /* Build configuration list for PBXNativeTarget "YLCommonKitUITests" */;
			buildPhases = (
				7B941B4920F3126700811329 /* Sources */,
				7B941B4A20F3126700811329 /* Frameworks */,
				7B941B4B20F3126700811329 /* Resources */,
			);
			buildRules = (
			);
			dependencies = (
				7B941B4F20F3126700811329 /* PBXTargetDependency */,
			);
			name = YLCommonKitUITests;
			productName = YLCommonKitUITests;
			productReference = 7B941B4D20F3126700811329 /* YLCommonKitUITests.xctest */;
			productType = "com.apple.product-type.bundle.ui-testing";
		};
/* End PBXNativeTarget section */

/* Begin PBXProject section */
		7B941B2220F3126500811329 /* Project object */ = {
			isa = PBXProject;
			attributes = {
				LastUpgradeCheck = 0940;
				ORGANIZATIONNAME = xyanl;
				TargetAttributes = {
					7B941B2920F3126500811329 = {
						CreatedOnToolsVersion = 9.4;
					};
					7B941B4120F3126700811329 = {
						CreatedOnToolsVersion = 9.4;
						TestTargetID = 7B941B2920F3126500811329;
					};
					7B941B4C20F3126700811329 = {
						CreatedOnToolsVersion = 9.4;
						TestTargetID = 7B941B2920F3126500811329;
					};
				};
			};
			buildConfigurationList = 7B941B2520F3126500811329 /* Build configuration list for PBXProject "YLCommonKit" */;
			compatibilityVersion = "Xcode 9.3";
			developmentRegion = en;
			hasScannedForEncodings = 0;
			knownRegions = (
				en,
				Base,
			);
			mainGroup = 7B941B2120F3126500811329;
			productRefGroup = 7B941B2B20F3126500811329 /* Products */;
			projectDirPath = "";
			projectRoot = "";
			targets = (
				7B941B2920F3126500811329 /* YLCommonKit */,
				7B941B4120F3126700811329 /* YLCommonKitTests */,
				7B941B4C20F3126700811329 /* YLCommonKitUITests */,
			);
		};
/* End PBXProject section */

/* Begin PBXResourcesBuildPhase section */
		7B941B2820F3126500811329 /* Resources */ = {
			isa = PBXResourcesBuildPhase;
			buildActionMask = 2147483647;
			files = (
				7B941B3A20F3126700811329 /* LaunchScreen.storyboard in Resources */,
				7B941B3720F3126700811329 /* Assets.xcassets in Resources */,
				7B941B3520F3126600811329 /* Main.storyboard in Resources */,
			);
			runOnlyForDeploymentPostprocessing = 0;
		};
		7B941B4020F3126700811329 /* Resources */ = {
			isa = PBXResourcesBuildPhase;
			buildActionMask = 2147483647;
			files = (
			);
			runOnlyForDeploymentPostprocessing = 0;
		};
		7B941B4B20F3126700811329 /* Resources */ = {
			isa = PBXResourcesBuildPhase;
			buildActionMask = 2147483647;
			files = (
			);
			runOnlyForDeploymentPostprocessing = 0;
		};
/* End PBXResourcesBuildPhase section */

/* Begin PBXShellScriptBuildPhase section */
		2C35BBE5719310A61EAF038D /* [CP] Check Pods Manifest.lock */ = {
			isa = PBXShellScriptBuildPhase;
			buildActionMask = 2147483647;
			files = (
			);
			inputPaths = (
				"${PODS_PODFILE_DIR_PATH}/Podfile.lock",
				"${PODS_ROOT}/Manifest.lock",
			);
			name = "[CP] Check Pods Manifest.lock";
			outputPaths = (
				"$(DERIVED_FILE_DIR)/Pods-YLCommonKit-checkManifestLockResult.txt",
			);
			runOnlyForDeploymentPostprocessing = 0;
			shellPath = /bin/sh;
			shellScript = "diff \"${PODS_PODFILE_DIR_PATH}/Podfile.lock\" \"${PODS_ROOT}/Manifest.lock\" > /dev/null\nif [ $? != 0 ] ; then\n    # print error to STDERR\n    echo \"error: The sandbox is not in sync with the Podfile.lock. Run 'pod install' or update your CocoaPods installation.\" >&2\n    exit 1\nfi\n# This output is used by Xcode 'outputs' to avoid re-running this script phase.\necho \"SUCCESS\" > \"${SCRIPT_OUTPUT_FILE_0}\"\n";
			showEnvVarsInLog = 0;
		};
/* End PBXShellScriptBuildPhase section */

/* Begin PBXSourcesBuildPhase section */
		7B941B2620F3126500811329 /* Sources */ = {
			isa = PBXSourcesBuildPhase;
			buildActionMask = 2147483647;
			files = (
				7B2071A220F34100004F2914 /* UIColor+JYColor.m in Sources */,
				7B20719E20F34100004F2914 /* NSDate+YLDate.m in Sources */,
				7B2071A620F34100004F2914 /* UITableView+JYHeader.m in Sources */,
				7B941B3220F3126600811329 /* ViewController.m in Sources */,
				7B2071A820F34100004F2914 /* JYKeyChainManager.m in Sources */,
				7B20719F20F34100004F2914 /* UIImage+JYImage.m in Sources */,
				7B2071A920F34100004F2914 /* JYKeyChain.m in Sources */,
				7B2071A120F34100004F2914 /* UIButton+JYButton.m in Sources */,
				7B941B3D20F3126700811329 /* main.m in Sources */,
				7B20719A20F34100004F2914 /* NSData+YLData.m in Sources */,
				7B2071A520F34100004F2914 /* UIViewController+JYHelper.m in Sources */,
				7B941B2F20F3126600811329 /* AppDelegate.m in Sources */,
			);
			runOnlyForDeploymentPostprocessing = 0;
		};
		7B941B3E20F3126700811329 /* Sources */ = {
			isa = PBXSourcesBuildPhase;
			buildActionMask = 2147483647;
			files = (
				7B941B4720F3126700811329 /* YLCommonKitTests.m in Sources */,
			);
			runOnlyForDeploymentPostprocessing = 0;
		};
		7B941B4920F3126700811329 /* Sources */ = {
			isa = PBXSourcesBuildPhase;
			buildActionMask = 2147483647;
			files = (
				7B941B5220F3126700811329 /* YLCommonKitUITests.m in Sources */,
			);
			runOnlyForDeploymentPostprocessing = 0;
		};
/* End PBXSourcesBuildPhase section */

/* Begin PBXTargetDependency section */
		7B941B4420F3126700811329 /* PBXTargetDependency */ = {
			isa = PBXTargetDependency;
			target = 7B941B2920F3126500811329 /* YLCommonKit */;
			targetProxy = 7B941B4320F3126700811329 /* PBXContainerItemProxy */;
		};
		7B941B4F20F3126700811329 /* PBXTargetDependency */ = {
			isa = PBXTargetDependency;
			target = 7B941B2920F3126500811329 /* YLCommonKit */;
			targetProxy = 7B941B4E20F3126700811329 /* PBXContainerItemProxy */;
		};
/* End PBXTargetDependency section */

/* Begin PBXVariantGroup section */
		7B941B3320F3126600811329 /* Main.storyboard */ = {
			isa = PBXVariantGroup;
			children = (
				7B941B3420F3126600811329 /* Base */,
			);
			name = Main.storyboard;
			sourceTree = "<group>";
		};
		7B941B3820F3126700811329 /* LaunchScreen.storyboard */ = {
			isa = PBXVariantGroup;
			children = (
				7B941B3920F3126700811329 /* Base */,
			);
			name = LaunchScreen.storyboard;
			sourceTree = "<group>";
		};
/* End PBXVariantGroup section */

/* Begin XCBuildConfiguration section */
		7B941B5420F3126700811329 /* Debug */ = {
			isa = XCBuildConfiguration;
			buildSettings = {
				ALWAYS_SEARCH_USER_PATHS = NO;
				CLANG_ANALYZER_NONNULL = YES;
				CLANG_ANALYZER_NUMBER_OBJECT_CONVERSION = YES_AGGRESSIVE;
				CLANG_CXX_LANGUAGE_STANDARD = "gnu++14";
				CLANG_CXX_LIBRARY = "libc++";
				CLANG_ENABLE_MODULES = YES;
				CLANG_ENABLE_OBJC_ARC = YES;
				CLANG_ENABLE_OBJC_WEAK = YES;
				CLANG_WARN_BLOCK_CAPTURE_AUTORELEASING = YES;
				CLANG_WARN_BOOL_CONVERSION = YES;
				CLANG_WARN_COMMA = YES;
				CLANG_WARN_CONSTANT_CONVERSION = YES;
				CLANG_WARN_DEPRECATED_OBJC_IMPLEMENTATIONS = YES;
				CLANG_WARN_DIRECT_OBJC_ISA_USAGE = YES_ERROR;
				CLANG_WARN_DOCUMENTATION_COMMENTS = YES;
				CLANG_WARN_EMPTY_BODY = YES;
				CLANG_WARN_ENUM_CONVERSION = YES;
				CLANG_WARN_INFINITE_RECURSION = YES;
				CLANG_WARN_INT_CONVERSION = YES;
				CLANG_WARN_NON_LITERAL_NULL_CONVERSION = YES;
				CLANG_WARN_OBJC_IMPLICIT_RETAIN_SELF = YES;
				CLANG_WARN_OBJC_LITERAL_CONVERSION = YES;
				CLANG_WARN_OBJC_ROOT_CLASS = YES_ERROR;
				CLANG_WARN_RANGE_LOOP_ANALYSIS = YES;
				CLANG_WARN_STRICT_PROTOTYPES = YES;
				CLANG_WARN_SUSPICIOUS_MOVE = YES;
				CLANG_WARN_UNGUARDED_AVAILABILITY = YES_AGGRESSIVE;
				CLANG_WARN_UNREACHABLE_CODE = YES;
				CLANG_WARN__DUPLICATE_METHOD_MATCH = YES;
				CODE_SIGN_IDENTITY = "iPhone Developer";
				COPY_PHASE_STRIP = NO;
				DEBUG_INFORMATION_FORMAT = dwarf;
				ENABLE_STRICT_OBJC_MSGSEND = YES;
				ENABLE_TESTABILITY = YES;
				GCC_C_LANGUAGE_STANDARD = gnu11;
				GCC_DYNAMIC_NO_PIC = NO;
				GCC_NO_COMMON_BLOCKS = YES;
				GCC_OPTIMIZATION_LEVEL = 0;
				GCC_PREPROCESSOR_DEFINITIONS = (
					"DEBUG=1",
					"$(inherited)",
				);
				GCC_WARN_64_TO_32_BIT_CONVERSION = YES;
				GCC_WARN_ABOUT_RETURN_TYPE = YES_ERROR;
				GCC_WARN_UNDECLARED_SELECTOR = YES;
				GCC_WARN_UNINITIALIZED_AUTOS = YES_AGGRESSIVE;
				GCC_WARN_UNUSED_FUNCTION = YES;
				GCC_WARN_UNUSED_VARIABLE = YES;
				IPHONEOS_DEPLOYMENT_TARGET = 11.4;
				MTL_ENABLE_DEBUG_INFO = YES;
				ONLY_ACTIVE_ARCH = YES;
				SDKROOT = iphoneos;
			};
			name = Debug;
		};
		7B941B5520F3126700811329 /* Release */ = {
			isa = XCBuildConfiguration;
			buildSettings = {
				ALWAYS_SEARCH_USER_PATHS = NO;
				CLANG_ANALYZER_NONNULL = YES;
				CLANG_ANALYZER_NUMBER_OBJECT_CONVERSION = YES_AGGRESSIVE;
				CLANG_CXX_LANGUAGE_STANDARD = "gnu++14";
				CLANG_CXX_LIBRARY = "libc++";
				CLANG_ENABLE_MODULES = YES;
				CLANG_ENABLE_OBJC_ARC = YES;
				CLANG_ENABLE_OBJC_WEAK = YES;
				CLANG_WARN_BLOCK_CAPTURE_AUTORELEASING = YES;
				CLANG_WARN_BOOL_CONVERSION = YES;
				CLANG_WARN_COMMA = YES;
				CLANG_WARN_CONSTANT_CONVERSION = YES;
				CLANG_WARN_DEPRECATED_OBJC_IMPLEMENTATIONS = YES;
				CLANG_WARN_DIRECT_OBJC_ISA_USAGE = YES_ERROR;
				CLANG_WARN_DOCUMENTATION_COMMENTS = YES;
				CLANG_WARN_EMPTY_BODY = YES;
				CLANG_WARN_ENUM_CONVERSION = YES;
				CLANG_WARN_INFINITE_RECURSION = YES;
				CLANG_WARN_INT_CONVERSION = YES;
				CLANG_WARN_NON_LITERAL_NULL_CONVERSION = YES;
				CLANG_WARN_OBJC_IMPLICIT_RETAIN_SELF = YES;
				CLANG_WARN_OBJC_LITERAL_CONVERSION = YES;
				CLANG_WARN_OBJC_ROOT_CLASS = YES_ERROR;
				CLANG_WARN_RANGE_LOOP_ANALYSIS = YES;
				CLANG_WARN_STRICT_PROTOTYPES = YES;
				CLANG_WARN_SUSPICIOUS_MOVE = YES;
				CLANG_WARN_UNGUARDED_AVAILABILITY = YES_AGGRESSIVE;
				CLANG_WARN_UNREACHABLE_CODE = YES;
				CLANG_WARN__DUPLICATE_METHOD_MATCH = YES;
				CODE_SIGN_IDENTITY = "iPhone Developer";
				COPY_PHASE_STRIP = NO;
				DEBUG_INFORMATION_FORMAT = "dwarf-with-dsym";
				ENABLE_NS_ASSERTIONS = NO;
				ENABLE_STRICT_OBJC_MSGSEND = YES;
				GCC_C_LANGUAGE_STANDARD = gnu11;
				GCC_NO_COMMON_BLOCKS = YES;
				GCC_WARN_64_TO_32_BIT_CONVERSION = YES;
				GCC_WARN_ABOUT_RETURN_TYPE = YES_ERROR;
				GCC_WARN_UNDECLARED_SELECTOR = YES;
				GCC_WARN_UNINITIALIZED_AUTOS = YES_AGGRESSIVE;
				GCC_WARN_UNUSED_FUNCTION = YES;
				GCC_WARN_UNUSED_VARIABLE = YES;
				IPHONEOS_DEPLOYMENT_TARGET = 11.4;
				MTL_ENABLE_DEBUG_INFO = NO;
				SDKROOT = iphoneos;
				VALIDATE_PRODUCT = YES;
			};
			name = Release;
		};
		7B941B5720F3126700811329 /* Debug */ = {
			isa = XCBuildConfiguration;
			baseConfigurationReference = 7A4FEE74BCC0DBFB09AA2994 /* Pods-YLCommonKit.debug.xcconfig */;
			buildSettings = {
				ASSETCATALOG_COMPILER_APPICON_NAME = AppIcon;
				CODE_SIGN_STYLE = Automatic;
				DEVELOPMENT_TEAM = 6B3ZC93AA8;
				INFOPLIST_FILE = YLCommonKit/Info.plist;
				IPHONEOS_DEPLOYMENT_TARGET = 10.1;
				LD_RUNPATH_SEARCH_PATHS = (
					"$(inherited)",
					"@executable_path/Frameworks",
				);
				PRODUCT_BUNDLE_IDENTIFIER = com.jy.xyanl;
				PRODUCT_NAME = "$(TARGET_NAME)";
				TARGETED_DEVICE_FAMILY = "1,2";
			};
			name = Debug;
		};
		7B941B5820F3126700811329 /* Release */ = {
			isa = XCBuildConfiguration;
			baseConfigurationReference = F1C2FA9D367320DA9CFBC0CB /* Pods-YLCommonKit.release.xcconfig */;
			buildSettings = {
				ASSETCATALOG_COMPILER_APPICON_NAME = AppIcon;
				CODE_SIGN_STYLE = Automatic;
				DEVELOPMENT_TEAM = 6B3ZC93AA8;
				INFOPLIST_FILE = YLCommonKit/Info.plist;
				IPHONEOS_DEPLOYMENT_TARGET = 10.1;
				LD_RUNPATH_SEARCH_PATHS = (
					"$(inherited)",
					"@executable_path/Frameworks",
				);
				PRODUCT_BUNDLE_IDENTIFIER = com.jy.xyanl;
				PRODUCT_NAME = "$(TARGET_NAME)";
				TARGETED_DEVICE_FAMILY = "1,2";
			};
			name = Release;
		};
		7B941B5A20F3126700811329 /* Debug */ = {
			isa = XCBuildConfiguration;
			buildSettings = {
				BUNDLE_LOADER = "$(TEST_HOST)";
				CODE_SIGN_STYLE = Automatic;
				INFOPLIST_FILE = YLCommonKitTests/Info.plist;
				LD_RUNPATH_SEARCH_PATHS = (
					"$(inherited)",
					"@executable_path/Frameworks",
					"@loader_path/Frameworks",
				);
				PRODUCT_BUNDLE_IDENTIFIER = com.jy.xyanl.YLCommonKitTests;
				PRODUCT_NAME = "$(TARGET_NAME)";
				TARGETED_DEVICE_FAMILY = "1,2";
				TEST_HOST = "$(BUILT_PRODUCTS_DIR)/YLCommonKit.app/YLCommonKit";
			};
			name = Debug;
		};
		7B941B5B20F3126700811329 /* Release */ = {
			isa = XCBuildConfiguration;
			buildSettings = {
				BUNDLE_LOADER = "$(TEST_HOST)";
				CODE_SIGN_STYLE = Automatic;
				INFOPLIST_FILE = YLCommonKitTests/Info.plist;
				LD_RUNPATH_SEARCH_PATHS = (
					"$(inherited)",
					"@executable_path/Frameworks",
					"@loader_path/Frameworks",
				);
				PRODUCT_BUNDLE_IDENTIFIER = com.jy.xyanl.YLCommonKitTests;
				PRODUCT_NAME = "$(TARGET_NAME)";
				TARGETED_DEVICE_FAMILY = "1,2";
				TEST_HOST = "$(BUILT_PRODUCTS_DIR)/YLCommonKit.app/YLCommonKit";
			};
			name = Release;
		};
		7B941B5D20F3126700811329 /* Debug */ = {
			isa = XCBuildConfiguration;
			buildSettings = {
				CODE_SIGN_STYLE = Automatic;
				INFOPLIST_FILE = YLCommonKitUITests/Info.plist;
				LD_RUNPATH_SEARCH_PATHS = (
					"$(inherited)",
					"@executable_path/Frameworks",
					"@loader_path/Frameworks",
				);
				PRODUCT_BUNDLE_IDENTIFIER = com.jy.xyanl.YLCommonKitUITests;
				PRODUCT_NAME = "$(TARGET_NAME)";
				TARGETED_DEVICE_FAMILY = "1,2";
				TEST_TARGET_NAME = YLCommonKit;
			};
			name = Debug;
		};
		7B941B5E20F3126700811329 /* Release */ = {
			isa = XCBuildConfiguration;
			buildSettings = {
				CODE_SIGN_STYLE = Automatic;
				INFOPLIST_FILE = YLCommonKitUITests/Info.plist;
				LD_RUNPATH_SEARCH_PATHS = (
					"$(inherited)",
					"@executable_path/Frameworks",
					"@loader_path/Frameworks",
				);
				PRODUCT_BUNDLE_IDENTIFIER = com.jy.xyanl.YLCommonKitUITests;
				PRODUCT_NAME = "$(TARGET_NAME)";
				TARGETED_DEVICE_FAMILY = "1,2";
				TEST_TARGET_NAME = YLCommonKit;
			};
			name = Release;
		};
/* End XCBuildConfiguration section */

/* Begin XCConfigurationList section */
		7B941B2520F3126500811329 /* Build configuration list for PBXProject "YLCommonKit" */ = {
			isa = XCConfigurationList;
			buildConfigurations = (
				7B941B5420F3126700811329 /* Debug */,
				7B941B5520F3126700811329 /* Release */,
			);
			defaultConfigurationIsVisible = 0;
			defaultConfigurationName = Release;
		};
		7B941B5620F3126700811329 /* Build configuration list for PBXNativeTarget "YLCommonKit" */ = {
			isa = XCConfigurationList;
			buildConfigurations = (
				7B941B5720F3126700811329 /* Debug */,
				7B941B5820F3126700811329 /* Release */,
			);
			defaultConfigurationIsVisible = 0;
			defaultConfigurationName = Release;
		};
		7B941B5920F3126700811329 /* Build configuration list for PBXNativeTarget "YLCommonKitTests" */ = {
			isa = XCConfigurationList;
			buildConfigurations = (
				7B941B5A20F3126700811329 /* Debug */,
				7B941B5B20F3126700811329 /* Release */,
			);
			defaultConfigurationIsVisible = 0;
			defaultConfigurationName = Release;
		};
		7B941B5C20F3126700811329 /* Build configuration list for PBXNativeTarget "YLCommonKitUITests" */ = {
			isa = XCConfigurationList;
			buildConfigurations = (
				7B941B5D20F3126700811329 /* Debug */,
				7B941B5E20F3126700811329 /* Release */,
			);
			defaultConfigurationIsVisible = 0;
			defaultConfigurationName = Release;
		};
/* End XCConfigurationList section */
	};
	rootObject = 7B941B2220F3126500811329 /* Project object */;
}
